
Microsoft Visual Studio Solution File, Format Version 12.00
# Visual Studio Version 17
VisualStudioVersion = 17.10.35201.131
MinimumVisualStudioVersion = 10.0.40219.1
Project("{9A19103F-16F7-4668-BE54-9A1E7A4F7556}") = "DocumentManagement", "DocumentManagement\DocumentManagement.csproj", "{0BA6F647-9D35-4EED-9490-F9273A498FD5}"
EndProject
Project("{E53339B2-1760-4266-BCC7-CA923CBCF16C}") = "docker-compose", "docker-compose.dcproj", "{0AAAFB02-20ED-4EB9-A49D-A44A5CD2D83A}"
EndProject
Project("{2150E333-8FDC-42A3-9474-1A3956D46DE8}") = "Solution Items", "Solution Items", "{379BD20F-12ED-4494-8D94-E3B45D6A7C84}"
	ProjectSection(SolutionItems) = preProject
		prometheus.yml = prometheus.yml
	EndProjectSection
EndProject
Project("{9A19103F-16F7-4668-BE54-9A1E7A4F7556}") = "Dme.Domain", "Dme\Dme.Domain\Dme.Domain.csproj", "{29D777D5-1EDF-4406-870A-9BC074CF54E3}"
EndProject
Project("{2150E333-8FDC-42A3-9474-1A3956D46DE8}") = "Dme", "Dme", "{A654E085-4AA7-4F4B-849A-B271F0488E48}"
EndProject
Project("{9A19103F-16F7-4668-BE54-9A1E7A4F7556}") = "Dme.Infrastructure", "dme\Dme.Infrastructure\Dme.Infrastructure.csproj", "{2256F82E-E581-4C67-A9BA-2934EA75A8C1}"
	ProjectSection(ProjectDependencies) = postProject
		{29D777D5-1EDF-4406-870A-9BC074CF54E3} = {29D777D5-1EDF-4406-870A-9BC074CF54E3}
	EndProjectSection
EndProject
Project("{2150E333-8FDC-42A3-9474-1A3956D46DE8}") = "Common", "Common", "{2569326B-B81C-4E6D-812D-474676418556}"
EndProject
Project("{2150E333-8FDC-42A3-9474-1A3956D46DE8}") = "Patients", "Patients", "{9EB7403A-E308-40F3-BB1C-8AA7676939B3}"
EndProject
Project("{9A19103F-16F7-4668-BE54-9A1E7A4F7556}") = "Patients.Domain", "Patients\Patients.Domain\Patients.Domain.csproj", "{626B929F-25B1-4F40-ABA8-8CEDAF5E3B71}"
EndProject
Project("{9A19103F-16F7-4668-BE54-9A1E7A4F7556}") = "Patients.Infrastructure", "Patients\Patients.Infrastructure\Patients.Infrastructure.csproj", "{DD88C499-EB46-4A0E-BE2D-FE16B4BD169E}"
EndProject
Project("{9A19103F-16F7-4668-BE54-9A1E7A4F7556}") = "Common", "Common\Common\Common.csproj", "{B92514B3-63E1-4990-832D-EF017910372C}"
EndProject
Project("{9A19103F-16F7-4668-BE54-9A1E7A4F7556}") = "Patients.Api", "Patients\Patients.Api\Patients.Api.csproj", "{F6E06B89-63E3-4277-B7D2-85AAD2E94A1C}"
EndProject
Project("{9A19103F-16F7-4668-BE54-9A1E7A4F7556}") = "Dme.Application", "Dme\Dme.Application\Dme.Application.csproj", "{74522D55-9C29-45A1-87A5-AC3934D3452B}"
EndProject
Project("{9A19103F-16F7-4668-BE54-9A1E7A4F7556}") = "Patients.Application", "Patients\Patients.Application\Patients.Application.csproj", "{EBEDE4F1-01A9-44BD-BFF9-0BC0B0A2D680}"
EndProject
Project("{9A19103F-16F7-4668-BE54-9A1E7A4F7556}") = "Dme.Api", "Dme\Dme.Api\Dme.Api.csproj", "{E8D23983-F471-4034-873C-C89D0EFFE6F3}"
EndProject
Project("{FAE04EC0-301F-11D3-BF4B-00C04F79EFBC}") = "Contracts", "Common\Contracts\Contracts.csproj", "{8B4048ED-4DAE-425E-A24F-9D8F2DE56409}"
EndProject
Project("{FAE04EC0-301F-11D3-BF4B-00C04F79EFBC}") = "Patients.UnitTest", "Patients\Patients.UnitTest\Patients.UnitTest\Patients.UnitTest.csproj", "{099F26B2-BD7C-42C8-A9A9-9B7025FEA368}"
EndProject
Project("{FAE04EC0-301F-11D3-BF4B-00C04F79EFBC}") = "Dme.UnitTest", "Dme\Dme.UnitTest\Dme.UnitTest.csproj", "{DBBC1A03-FFAF-4113-B6CF-832B43BD1A04}"
EndProject
Project("{2150E333-8FDC-42A3-9474-1A3956D46DE8}") = "Prescriptions", "Prescriptions", "{D19FB5E0-1B58-4722-9E19-CBB497EB9E76}"
EndProject
Project("{FAE04EC0-301F-11D3-BF4B-00C04F79EFBC}") = "Prescriptions.Domain", "Prescriptions\Prescriptions.Domain\Prescriptions.Domain.csproj", "{3D9E610C-947A-4897-86B4-08D33E37B5E0}"
EndProject
Project("{FAE04EC0-301F-11D3-BF4B-00C04F79EFBC}") = "Prescriptions.Infrastructure", "Prescriptions\Prescriptions.Infrastructure\Prescriptions.Infrastructure.csproj", "{93AA3A08-E958-4EEA-9B80-44DB133F11C0}"
EndProject
Project("{FAE04EC0-301F-11D3-BF4B-00C04F79EFBC}") = "Prescriptions.Application", "Prescriptions\Prescriptions.Application\Prescriptions.Application.csproj", "{96E2399C-B1E8-47AF-8C95-41CA40B2CE85}"
EndProject
Project("{FAE04EC0-301F-11D3-BF4B-00C04F79EFBC}") = "Prescriptions.Api", "Prescriptions\Prescriptions.Api\Prescriptions.Api.csproj", "{4369EE17-8FEF-4FE3-9E47-1CE4C02814A1}"
EndProject
Project("{FAE04EC0-301F-11D3-BF4B-00C04F79EFBC}") = "Prescriptions.UnitTest", "Prescriptions\Prescriptions.UnitTest\Prescriptions.UnitTest.csproj", "{0FC7B1C4-1F5F-4D32-BF28-1404F784BD79}"
EndProject
Global
	GlobalSection(SolutionConfigurationPlatforms) = preSolution
		Debug|Any CPU = Debug|Any CPU
		Release|Any CPU = Release|Any CPU
	EndGlobalSection
	GlobalSection(ProjectConfigurationPlatforms) = postSolution
		{0BA6F647-9D35-4EED-9490-F9273A498FD5}.Debug|Any CPU.ActiveCfg = Debug|Any CPU
		{0BA6F647-9D35-4EED-9490-F9273A498FD5}.Debug|Any CPU.Build.0 = Debug|Any CPU
		{0BA6F647-9D35-4EED-9490-F9273A498FD5}.Release|Any CPU.ActiveCfg = Release|Any CPU
		{0BA6F647-9D35-4EED-9490-F9273A498FD5}.Release|Any CPU.Build.0 = Release|Any CPU
		{0AAAFB02-20ED-4EB9-A49D-A44A5CD2D83A}.Debug|Any CPU.ActiveCfg = Debug|Any CPU
		{0AAAFB02-20ED-4EB9-A49D-A44A5CD2D83A}.Debug|Any CPU.Build.0 = Debug|Any CPU
		{0AAAFB02-20ED-4EB9-A49D-A44A5CD2D83A}.Release|Any CPU.ActiveCfg = Release|Any CPU
		{0AAAFB02-20ED-4EB9-A49D-A44A5CD2D83A}.Release|Any CPU.Build.0 = Release|Any CPU
		{29D777D5-1EDF-4406-870A-9BC074CF54E3}.Debug|Any CPU.ActiveCfg = Debug|Any CPU
		{29D777D5-1EDF-4406-870A-9BC074CF54E3}.Debug|Any CPU.Build.0 = Debug|Any CPU
		{29D777D5-1EDF-4406-870A-9BC074CF54E3}.Release|Any CPU.ActiveCfg = Release|Any CPU
		{29D777D5-1EDF-4406-870A-9BC074CF54E3}.Release|Any CPU.Build.0 = Release|Any CPU
		{2256F82E-E581-4C67-A9BA-2934EA75A8C1}.Debug|Any CPU.ActiveCfg = Debug|Any CPU
		{2256F82E-E581-4C67-A9BA-2934EA75A8C1}.Debug|Any CPU.Build.0 = Debug|Any CPU
		{2256F82E-E581-4C67-A9BA-2934EA75A8C1}.Release|Any CPU.ActiveCfg = Release|Any CPU
		{2256F82E-E581-4C67-A9BA-2934EA75A8C1}.Release|Any CPU.Build.0 = Release|Any CPU
		{626B929F-25B1-4F40-ABA8-8CEDAF5E3B71}.Debug|Any CPU.ActiveCfg = Debug|Any CPU
		{626B929F-25B1-4F40-ABA8-8CEDAF5E3B71}.Debug|Any CPU.Build.0 = Debug|Any CPU
		{626B929F-25B1-4F40-ABA8-8CEDAF5E3B71}.Release|Any CPU.ActiveCfg = Release|Any CPU
		{626B929F-25B1-4F40-ABA8-8CEDAF5E3B71}.Release|Any CPU.Build.0 = Release|Any CPU
		{DD88C499-EB46-4A0E-BE2D-FE16B4BD169E}.Debug|Any CPU.ActiveCfg = Debug|Any CPU
		{DD88C499-EB46-4A0E-BE2D-FE16B4BD169E}.Debug|Any CPU.Build.0 = Debug|Any CPU
		{DD88C499-EB46-4A0E-BE2D-FE16B4BD169E}.Release|Any CPU.ActiveCfg = Release|Any CPU
		{DD88C499-EB46-4A0E-BE2D-FE16B4BD169E}.Release|Any CPU.Build.0 = Release|Any CPU
		{B92514B3-63E1-4990-832D-EF017910372C}.Debug|Any CPU.ActiveCfg = Debug|Any CPU
		{B92514B3-63E1-4990-832D-EF017910372C}.Debug|Any CPU.Build.0 = Debug|Any CPU
		{B92514B3-63E1-4990-832D-EF017910372C}.Release|Any CPU.ActiveCfg = Release|Any CPU
		{B92514B3-63E1-4990-832D-EF017910372C}.Release|Any CPU.Build.0 = Release|Any CPU
		{F6E06B89-63E3-4277-B7D2-85AAD2E94A1C}.Debug|Any CPU.ActiveCfg = Debug|Any CPU
		{F6E06B89-63E3-4277-B7D2-85AAD2E94A1C}.Debug|Any CPU.Build.0 = Debug|Any CPU
		{F6E06B89-63E3-4277-B7D2-85AAD2E94A1C}.Release|Any CPU.ActiveCfg = Release|Any CPU
		{F6E06B89-63E3-4277-B7D2-85AAD2E94A1C}.Release|Any CPU.Build.0 = Release|Any CPU
		{74522D55-9C29-45A1-87A5-AC3934D3452B}.Debug|Any CPU.ActiveCfg = Debug|Any CPU
		{74522D55-9C29-45A1-87A5-AC3934D3452B}.Debug|Any CPU.Build.0 = Debug|Any CPU
		{74522D55-9C29-45A1-87A5-AC3934D3452B}.Release|Any CPU.ActiveCfg = Release|Any CPU
		{74522D55-9C29-45A1-87A5-AC3934D3452B}.Release|Any CPU.Build.0 = Release|Any CPU
		{EBEDE4F1-01A9-44BD-BFF9-0BC0B0A2D680}.Debug|Any CPU.ActiveCfg = Debug|Any CPU
		{EBEDE4F1-01A9-44BD-BFF9-0BC0B0A2D680}.Debug|Any CPU.Build.0 = Debug|Any CPU
		{EBEDE4F1-01A9-44BD-BFF9-0BC0B0A2D680}.Release|Any CPU.ActiveCfg = Release|Any CPU
		{EBEDE4F1-01A9-44BD-BFF9-0BC0B0A2D680}.Release|Any CPU.Build.0 = Release|Any CPU
		{E8D23983-F471-4034-873C-C89D0EFFE6F3}.Debug|Any CPU.ActiveCfg = Debug|Any CPU
		{E8D23983-F471-4034-873C-C89D0EFFE6F3}.Debug|Any CPU.Build.0 = Debug|Any CPU
		{E8D23983-F471-4034-873C-C89D0EFFE6F3}.Release|Any CPU.ActiveCfg = Release|Any CPU
		{E8D23983-F471-4034-873C-C89D0EFFE6F3}.Release|Any CPU.Build.0 = Release|Any CPU
		{8B4048ED-4DAE-425E-A24F-9D8F2DE56409}.Debug|Any CPU.ActiveCfg = Debug|Any CPU
		{8B4048ED-4DAE-425E-A24F-9D8F2DE56409}.Debug|Any CPU.Build.0 = Debug|Any CPU
		{8B4048ED-4DAE-425E-A24F-9D8F2DE56409}.Release|Any CPU.ActiveCfg = Release|Any CPU
		{8B4048ED-4DAE-425E-A24F-9D8F2DE56409}.Release|Any CPU.Build.0 = Release|Any CPU
		{099F26B2-BD7C-42C8-A9A9-9B7025FEA368}.Debug|Any CPU.ActiveCfg = Debug|Any CPU
		{099F26B2-BD7C-42C8-A9A9-9B7025FEA368}.Debug|Any CPU.Build.0 = Debug|Any CPU
		{099F26B2-BD7C-42C8-A9A9-9B7025FEA368}.Release|Any CPU.ActiveCfg = Release|Any CPU
		{099F26B2-BD7C-42C8-A9A9-9B7025FEA368}.Release|Any CPU.Build.0 = Release|Any CPU
		{DBBC1A03-FFAF-4113-B6CF-832B43BD1A04}.Debug|Any CPU.ActiveCfg = Debug|Any CPU
		{DBBC1A03-FFAF-4113-B6CF-832B43BD1A04}.Debug|Any CPU.Build.0 = Debug|Any CPU
		{DBBC1A03-FFAF-4113-B6CF-832B43BD1A04}.Release|Any CPU.ActiveCfg = Release|Any CPU
		{DBBC1A03-FFAF-4113-B6CF-832B43BD1A04}.Release|Any CPU.Build.0 = Release|Any CPU
		{3D9E610C-947A-4897-86B4-08D33E37B5E0}.Debug|Any CPU.ActiveCfg = Debug|Any CPU
		{3D9E610C-947A-4897-86B4-08D33E37B5E0}.Debug|Any CPU.Build.0 = Debug|Any CPU
		{3D9E610C-947A-4897-86B4-08D33E37B5E0}.Release|Any CPU.ActiveCfg = Release|Any CPU
		{3D9E610C-947A-4897-86B4-08D33E37B5E0}.Release|Any CPU.Build.0 = Release|Any CPU
		{93AA3A08-E958-4EEA-9B80-44DB133F11C0}.Debug|Any CPU.ActiveCfg = Debug|Any CPU
		{93AA3A08-E958-4EEA-9B80-44DB133F11C0}.Debug|Any CPU.Build.0 = Debug|Any CPU
		{93AA3A08-E958-4EEA-9B80-44DB133F11C0}.Release|Any CPU.ActiveCfg = Release|Any CPU
		{93AA3A08-E958-4EEA-9B80-44DB133F11C0}.Release|Any CPU.Build.0 = Release|Any CPU
		{96E2399C-B1E8-47AF-8C95-41CA40B2CE85}.Debug|Any CPU.ActiveCfg = Debug|Any CPU
		{96E2399C-B1E8-47AF-8C95-41CA40B2CE85}.Debug|Any CPU.Build.0 = Debug|Any CPU
		{96E2399C-B1E8-47AF-8C95-41CA40B2CE85}.Release|Any CPU.ActiveCfg = Release|Any CPU
		{96E2399C-B1E8-47AF-8C95-41CA40B2CE85}.Release|Any CPU.Build.0 = Release|Any CPU
		{4369EE17-8FEF-4FE3-9E47-1CE4C02814A1}.Debug|Any CPU.ActiveCfg = Debug|Any CPU
		{4369EE17-8FEF-4FE3-9E47-1CE4C02814A1}.Debug|Any CPU.Build.0 = Debug|Any CPU
		{4369EE17-8FEF-4FE3-9E47-1CE4C02814A1}.Release|Any CPU.ActiveCfg = Release|Any CPU
		{4369EE17-8FEF-4FE3-9E47-1CE4C02814A1}.Release|Any CPU.Build.0 = Release|Any CPU
		{0FC7B1C4-1F5F-4D32-BF28-1404F784BD79}.Debug|Any CPU.ActiveCfg = Debug|Any CPU
		{0FC7B1C4-1F5F-4D32-BF28-1404F784BD79}.Debug|Any CPU.Build.0 = Debug|Any CPU
		{0FC7B1C4-1F5F-4D32-BF28-1404F784BD79}.Release|Any CPU.ActiveCfg = Release|Any CPU
		{0FC7B1C4-1F5F-4D32-BF28-1404F784BD79}.Release|Any CPU.Build.0 = Release|Any CPU
	EndGlobalSection
	GlobalSection(SolutionProperties) = preSolution
		HideSolutionNode = FALSE
	EndGlobalSection
	GlobalSection(NestedProjects) = preSolution
		{29D777D5-1EDF-4406-870A-9BC074CF54E3} = {A654E085-4AA7-4F4B-849A-B271F0488E48}
		{2256F82E-E581-4C67-A9BA-2934EA75A8C1} = {A654E085-4AA7-4F4B-849A-B271F0488E48}
		{626B929F-25B1-4F40-ABA8-8CEDAF5E3B71} = {9EB7403A-E308-40F3-BB1C-8AA7676939B3}
		{DD88C499-EB46-4A0E-BE2D-FE16B4BD169E} = {9EB7403A-E308-40F3-BB1C-8AA7676939B3}
		{B92514B3-63E1-4990-832D-EF017910372C} = {2569326B-B81C-4E6D-812D-474676418556}
		{F6E06B89-63E3-4277-B7D2-85AAD2E94A1C} = {9EB7403A-E308-40F3-BB1C-8AA7676939B3}
		{74522D55-9C29-45A1-87A5-AC3934D3452B} = {A654E085-4AA7-4F4B-849A-B271F0488E48}
		{EBEDE4F1-01A9-44BD-BFF9-0BC0B0A2D680} = {9EB7403A-E308-40F3-BB1C-8AA7676939B3}
		{E8D23983-F471-4034-873C-C89D0EFFE6F3} = {A654E085-4AA7-4F4B-849A-B271F0488E48}
		{8B4048ED-4DAE-425E-A24F-9D8F2DE56409} = {2569326B-B81C-4E6D-812D-474676418556}
		{099F26B2-BD7C-42C8-A9A9-9B7025FEA368} = {9EB7403A-E308-40F3-BB1C-8AA7676939B3}
		{DBBC1A03-FFAF-4113-B6CF-832B43BD1A04} = {A654E085-4AA7-4F4B-849A-B271F0488E48}
		{3D9E610C-947A-4897-86B4-08D33E37B5E0} = {D19FB5E0-1B58-4722-9E19-CBB497EB9E76}
		{93AA3A08-E958-4EEA-9B80-44DB133F11C0} = {D19FB5E0-1B58-4722-9E19-CBB497EB9E76}
		{96E2399C-B1E8-47AF-8C95-41CA40B2CE85} = {D19FB5E0-1B58-4722-9E19-CBB497EB9E76}
		{4369EE17-8FEF-4FE3-9E47-1CE4C02814A1} = {D19FB5E0-1B58-4722-9E19-CBB497EB9E76}
		{0FC7B1C4-1F5F-4D32-BF28-1404F784BD79} = {D19FB5E0-1B58-4722-9E19-CBB497EB9E76}
	EndGlobalSection
	GlobalSection(ExtensibilityGlobals) = postSolution
		SolutionGuid = {8F35FCD4-1A9E-41EE-B42E-AB1D8BF52D3F}
	EndGlobalSection
EndGlobal
